
Microsoft Visual Studio Solution File, Format Version 12.00
Project("{FAE04EC0-301F-11D3-BF4B-00C04F79EFBC}") = "UltimateBattle", "UltimateBattle\UltimateBattle.csproj", "{1932C1F2-313B-43A8-9505-D850ED3577D6}"
EndProject
Project("{FAE04EC0-301F-11D3-BF4B-00C04F79EFBC}") = "SimpleProgram", "SimpleProgram\SimpleProgram.csproj", "{FC78247C-5F4B-4C13-AB4E-27743D4A8867}"
EndProject
Global
	GlobalSection(SolutionConfigurationPlatforms) = preSolution
		Debug|Any CPU = Debug|Any CPU
		Release|Any CPU = Release|Any CPU
	EndGlobalSection
	GlobalSection(ProjectConfigurationPlatforms) = postSolution
		{1932C1F2-313B-43A8-9505-D850ED3577D6}.Debug|Any CPU.ActiveCfg = Debug|Any CPU
		{1932C1F2-313B-43A8-9505-D850ED3577D6}.Debug|Any CPU.Build.0 = Debug|Any CPU
		{1932C1F2-313B-43A8-9505-D850ED3577D6}.Release|Any CPU.ActiveCfg = Release|Any CPU
		{1932C1F2-313B-43A8-9505-D850ED3577D6}.Release|Any CPU.Build.0 = Release|Any CPU
		{FC78247C-5F4B-4C13-AB4E-27743D4A8867}.Debug|Any CPU.ActiveCfg = Debug|Any CPU
		{FC78247C-5F4B-4C13-AB4E-27743D4A8867}.Debug|Any CPU.Build.0 = Debug|Any CPU
		{FC78247C-5F4B-4C13-AB4E-27743D4A8867}.Release|Any CPU.ActiveCfg = Release|Any CPU
		{FC78247C-5F4B-4C13-AB4E-27743D4A8867}.Release|Any CPU.Build.0 = Release|Any CPU
	EndGlobalSection
EndGlobal
